
Microsoft Visual Studio Solution File, Format Version 12.00
# Visual Studio Version 17
VisualStudioVersion = 17.1.32414.318
MinimumVisualStudioVersion = 10.0.40219.1
Project("{FAE04EC0-301F-11D3-BF4B-00C04F79EFBC}") = "DependencyChat", "DependencyChat\DependencyChat.csproj", "{615E755B-B478-4BF4-9EB3-56DE3E7F361B}"
EndProject
Project("{FAE04EC0-301F-11D3-BF4B-00C04F79EFBC}") = "DependencyChat.Server", "DependencyChat.Server\DependencyChat.Server.csproj", "{C5504AF2-6F01-4DC5-9B16-4617DFA83778}"
EndProject
Global
	GlobalSection(SolutionConfigurationPlatforms) = preSolution
		Debug|Any CPU = Debug|Any CPU
		Release|Any CPU = Release|Any CPU
	EndGlobalSection
	GlobalSection(ProjectConfigurationPlatforms) = postSolution
		{615E755B-B478-4BF4-9EB3-56DE3E7F361B}.Debug|Any CPU.ActiveCfg = Debug|Any CPU
		{615E755B-B478-4BF4-9EB3-56DE3E7F361B}.Debug|Any CPU.Build.0 = Debug|Any CPU
		{615E755B-B478-4BF4-9EB3-56DE3E7F361B}.Release|Any CPU.ActiveCfg = Release|Any CPU
		{615E755B-B478-4BF4-9EB3-56DE3E7F361B}.Release|Any CPU.Build.0 = Release|Any CPU
		{C5504AF2-6F01-4DC5-9B16-4617DFA83778}.Debug|Any CPU.ActiveCfg = Debug|Any CPU
		{C5504AF2-6F01-4DC5-9B16-4617DFA83778}.Debug|Any CPU.Build.0 = Debug|Any CPU
		{C5504AF2-6F01-4DC5-9B16-4617DFA83778}.Release|Any CPU.ActiveCfg = Release|Any CPU
		{C5504AF2-6F01-4DC5-9B16-4617DFA83778}.Release|Any CPU.Build.0 = Release|Any CPU
	EndGlobalSection
	GlobalSection(SolutionProperties) = preSolution
		HideSolutionNode = FALSE
	EndGlobalSection
	GlobalSection(ExtensibilityGlobals) = postSolution
		SolutionGuid = {0582F539-D15A-425D-97D7-4896A726AF5E}
	EndGlobalSection
EndGlobal
